
Microsoft Visual Studio Solution File, Format Version 12.00
# Visual Studio Version 17
VisualStudioVersion = 17.14.36301.6 d17.14
MinimumVisualStudioVersion = 10.0.40219.1
Project("{FAE04EC0-301F-11D3-BF4B-00C04F79EFBC}") = "OvertimeManagement", "OvertimeManagement.csproj", "{3293BBFA-FB09-4BCC-959E-1A9715E4914C}"
EndProject
Global
	GlobalSection(SolutionConfigurationPlatforms) = preSolution
		Debug|Any CPU = Debug|Any CPU
		Release|Any CPU = Release|Any CPU
	EndGlobalSection
	GlobalSection(ProjectConfigurationPlatforms) = postSolution
		{3293BBFA-FB09-4BCC-959E-1A9715E4914C}.Debug|Any CPU.ActiveCfg = Debug|Any CPU
		{3293BBFA-FB09-4BCC-959E-1A9715E4914C}.Debug|Any CPU.Build.0 = Debug|Any CPU
		{3293BBFA-FB09-4BCC-959E-1A9715E4914C}.Release|Any CPU.ActiveCfg = Release|Any CPU
		{3293BBFA-FB09-4BCC-959E-1A9715E4914C}.Release|Any CPU.Build.0 = Release|Any CPU
	EndGlobalSection
	GlobalSection(SolutionProperties) = preSolution
		HideSolutionNode = FALSE
	EndGlobalSection
	GlobalSection(ExtensibilityGlobals) = postSolution
		SolutionGuid = {A9A91719-887A-4E5A-9CD4-7B931866FC91}
	EndGlobalSection
EndGlobal
